// !$*UTF8*$!
{
	archiveVersion = 1;
	classes = {
	};
	objectVersion = 46;
	objects = {

/* Begin PBXBuildFile section */
		D55DE8911E21DE20007E61CB /* FacialExpression.swift in Sources */ = {isa = PBXBuildFile; fileRef = D55DE8901E21DE20007E61CB /* FacialExpression.swift */; };
		D58635BF1E1580F80039DE05 /* AppDelegate.swift in Sources */ = {isa = PBXBuildFile; fileRef = D58635BE1E1580F80039DE05 /* AppDelegate.swift */; };
		D58635C11E1580F80039DE05 /* FaceViewController.swift in Sources */ = {isa = PBXBuildFile; fileRef = D58635C01E1580F80039DE05 /* FaceViewController.swift */; };
		D58635C41E1580F80039DE05 /* Main.storyboard in Resources */ = {isa = PBXBuildFile; fileRef = D58635C21E1580F80039DE05 /* Main.storyboard */; };
		D58635C61E1580F80039DE05 /* Assets.xcassets in Resources */ = {isa = PBXBuildFile; fileRef = D58635C51E1580F80039DE05 /* Assets.xcassets */; };
		D58635C91E1580F80039DE05 /* LaunchScreen.storyboard in Resources */ = {isa = PBXBuildFile; fileRef = D58635C71E1580F80039DE05 /* LaunchScreen.storyboard */; };
		D58635D51E1581690039DE05 /* FaceView.swift in Sources */ = {isa = PBXBuildFile; fileRef = D58635D41E1581690039DE05 /* FaceView.swift */; };
/* End PBXBuildFile section */

/* Begin PBXFileReference section */
		D55DE8901E21DE20007E61CB /* FacialExpression.swift */ = {isa = PBXFileReference; fileEncoding = 4; lastKnownFileType = sourcecode.swift; path = FacialExpression.swift; sourceTree = "<group>"; };
		D58635BB1E1580F80039DE05 /* FaceView.app */ = {isa = PBXFileReference; explicitFileType = wrapper.application; includeInIndex = 0; path = FaceView.app; sourceTree = BUILT_PRODUCTS_DIR; };
		D58635BE1E1580F80039DE05 /* AppDelegate.swift */ = {isa = PBXFileReference; lastKnownFileType = sourcecode.swift; path = AppDelegate.swift; sourceTree = "<group>"; };
		D58635C01E1580F80039DE05 /* FaceViewController.swift */ = {isa = PBXFileReference; lastKnownFileType = sourcecode.swift; path = FaceViewController.swift; sourceTree = "<group>"; };
		D58635C31E1580F80039DE05 /* Base */ = {isa = PBXFileReference; lastKnownFileType = file.storyboard; name = Base; path = Base.lproj/Main.storyboard; sourceTree = "<group>"; };
		D58635C51E1580F80039DE05 /* Assets.xcassets */ = {isa = PBXFileReference; lastKnownFileType = folder.assetcatalog; path = Assets.xcassets; sourceTree = "<group>"; };
		D58635C81E1580F80039DE05 /* Base */ = {isa = PBXFileReference; lastKnownFileType = file.storyboard; name = Base; path = Base.lproj/LaunchScreen.storyboard; sourceTree = "<group>"; };
		D58635CA1E1580F80039DE05 /* Info.plist */ = {isa = PBXFileReference; lastKnownFileType = text.plist.xml; path = Info.plist; sourceTree = "<group>"; };
		D58635D41E1581690039DE05 /* FaceView.swift */ = {isa = PBXFileReference; fileEncoding = 4; lastKnownFileType = sourcecode.swift; path = FaceView.swift; sourceTree = "<group>"; };
/* End PBXFileReference section */

/* Begin PBXFrameworksBuildPhase section */
		D58635B81E1580F80039DE05 /* Frameworks */ = {
			isa = PBXFrameworksBuildPhase;
			buildActionMask = 2147483647;
			files = (
			);
			runOnlyForDeploymentPostprocessing = 0;
		};
/* End PBXFrameworksBuildPhase section */

/* Begin PBXGroup section */
		D58635B21E1580F70039DE05 = {
			isa = PBXGroup;
			children = (
				D58635BD1E1580F80039DE05 /* FaceView */,
				D58635BC1E1580F80039DE05 /* Products */,
			);
			sourceTree = "<group>";
		};
		D58635BC1E1580F80039DE05 /* Products */ = {
			isa = PBXGroup;
			children = (
				D58635BB1E1580F80039DE05 /* FaceView.app */,
			);
			name = Products;
			sourceTree = "<group>";
		};
		D58635BD1E1580F80039DE05 /* FaceView */ = {
			isa = PBXGroup;
			children = (
				D58635C21E1580F80039DE05 /* Main.storyboard */,
				D58635D31E15811B0039DE05 /* Modal */,
				D58635D21E1581150039DE05 /* View */,
				D58635D11E15810A0039DE05 /* Controller */,
				D58635D01E1581010039DE05 /* Supporting Files */,
			);
			path = FaceView;
			sourceTree = "<group>";
		};
		D58635D01E1581010039DE05 /* Supporting Files */ = {
			isa = PBXGroup;
			children = (
				D58635BE1E1580F80039DE05 /* AppDelegate.swift */,
				D58635C51E1580F80039DE05 /* Assets.xcassets */,
				D58635C71E1580F80039DE05 /* LaunchScreen.storyboard */,
				D58635CA1E1580F80039DE05 /* Info.plist */,
			);
			name = "Supporting Files";
			sourceTree = "<group>";
		};
		D58635D11E15810A0039DE05 /* Controller */ = {
			isa = PBXGroup;
			children = (
				D58635C01E1580F80039DE05 /* FaceViewController.swift */,
			);
			name = Controller;
			sourceTree = "<group>";
		};
		D58635D21E1581150039DE05 /* View */ = {
			isa = PBXGroup;
			children = (
				D58635D41E1581690039DE05 /* FaceView.swift */,
			);
			name = View;
			sourceTree = "<group>";
		};
		D58635D31E15811B0039DE05 /* Modal */ = {
			isa = PBXGroup;
			children = (
				D55DE8901E21DE20007E61CB /* FacialExpression.swift */,
			);
			name = Modal;
			sourceTree = "<group>";
		};
/* End PBXGroup section */

/* Begin PBXNativeTarget section */
		D58635BA1E1580F80039DE05 /* FaceView */ = {
			isa = PBXNativeTarget;
			buildConfigurationList = D58635CD1E1580F80039DE05 /* Build configuration list for PBXNativeTarget "FaceView" */;
			buildPhases = (
				D58635B71E1580F80039DE05 /* Sources */,
				D58635B81E1580F80039DE05 /* Frameworks */,
				D58635B91E1580F80039DE05 /* Resources */,
			);
			buildRules = (
			);
			dependencies = (
			);
			name = FaceView;
			productName = FaceView;
			productReference = D58635BB1E1580F80039DE05 /* FaceView.app */;
			productType = "com.apple.product-type.application";
		};
/* End PBXNativeTarget section */

/* Begin PBXProject section */
		D58635B31E1580F80039DE05 /* Project object */ = {
			isa = PBXProject;
			attributes = {
				LastSwiftUpdateCheck = 0800;
				LastUpgradeCheck = 0820;
				ORGANIZATIONNAME = "Younoussa Ousmane Abdou";
				TargetAttributes = {
					D58635BA1E1580F80039DE05 = {
						CreatedOnToolsVersion = 8.0;
						DevelopmentTeam = 7HAUD8EZY3;
						ProvisioningStyle = Automatic;
					};
				};
			};
			buildConfigurationList = D58635B61E1580F80039DE05 /* Build configuration list for PBXProject "FaceView" */;
			compatibilityVersion = "Xcode 3.2";
			developmentRegion = English;
			hasScannedForEncodings = 0;
			knownRegions = (
				en,
				Base,
			);
			mainGroup = D58635B21E1580F70039DE05;
			productRefGroup = D58635BC1E1580F80039DE05 /* Products */;
			projectDirPath = "";
			projectRoot = "";
			targets = (
				D58635BA1E1580F80039DE05 /* FaceView */,
			);
		};
/* End PBXProject section */

/* Begin PBXResourcesBuildPhase section */
		D58635B91E1580F80039DE05 /* Resources */ = {
			isa = PBXResourcesBuildPhase;
			buildActionMask = 2147483647;
			files = (
				D58635C91E1580F80039DE05 /* LaunchScreen.storyboard in Resources */,
				D58635C61E1580F80039DE05 /* Assets.xcassets in Resources */,
				D58635C41E1580F80039DE05 /* Main.storyboard in Resources */,
			);
			runOnlyForDeploymentPostprocessing = 0;
		};
/* End PBXResourcesBuildPhase section */

/* Begin PBXSourcesBuildPhase section */
		D58635B71E1580F80039DE05 /* Sources */ = {
			isa = PBXSourcesBuildPhase;
			buildActionMask = 2147483647;
			files = (
				D58635C11E1580F80039DE05 /* FaceViewController.swift in Sources */,
				D55DE8911E21DE20007E61CB /* FacialExpression.swift in Sources */,
				D58635BF1E1580F80039DE05 /* AppDelegate.swift in Sources */,
				D58635D51E1581690039DE05 /* FaceView.swift in Sources */,
			);
			runOnlyForDeploymentPostprocessing = 0;
		};
/* End PBXSourcesBuildPhase section */

/* Begin PBXVariantGroup section */
		D58635C21E1580F80039DE05 /* Main.storyboard */ = {
			isa = PBXVariantGroup;
			children = (
				D58635C31E1580F80039DE05 /* Base */,
			);
			name = Main.storyboard;
			sourceTree = "<group>";
		};
		D58635C71E1580F80039DE05 /* LaunchScreen.storyboard */ = {
			isa = PBXVariantGroup;
			children = (
				D58635C81E1580F80039DE05 /* Base */,
			);
			name = LaunchScreen.storyboard;
			sourceTree = "<group>";
		};
/* End PBXVariantGroup section */

/* Begin XCBuildConfiguration section */
		D58635CB1E1580F80039DE05 /* Debug */ = {
			isa = XCBuildConfiguration;
			buildSettings = {
				ALWAYS_SEARCH_USER_PATHS = NO;
				CLANG_ANALYZER_NONNULL = YES;
				CLANG_CXX_LANGUAGE_STANDARD = "gnu++0x";
				CLANG_CXX_LIBRARY = "libc++";
				CLANG_ENABLE_MODULES = YES;
				CLANG_ENABLE_OBJC_ARC = YES;
				CLANG_WARN_BOOL_CONVERSION = YES;
				CLANG_WARN_CONSTANT_CONVERSION = YES;
				CLANG_WARN_DIRECT_OBJC_ISA_USAGE = YES_ERROR;
				CLANG_WARN_DOCUMENTATION_COMMENTS = YES;
				CLANG_WARN_EMPTY_BODY = YES;
				CLANG_WARN_ENUM_CONVERSION = YES;
				CLANG_WARN_INFINITE_RECURSION = YES;
				CLANG_WARN_INT_CONVERSION = YES;
				CLANG_WARN_OBJC_ROOT_CLASS = YES_ERROR;
				CLANG_WARN_SUSPICIOUS_MOVE = YES;
				CLANG_WARN_SUSPICIOUS_MOVES = YES;
				CLANG_WARN_UNREACHABLE_CODE = YES;
				CLANG_WARN__DUPLICATE_METHOD_MATCH = YES;
				"CODE_SIGN_IDENTITY[sdk=iphoneos*]" = "iPhone Developer";
				COPY_PHASE_STRIP = NO;
				DEBUG_INFORMATION_FORMAT = dwarf;
				ENABLE_STRICT_OBJC_MSGSEND = YES;
				ENABLE_TESTABILITY = YES;
				GCC_C_LANGUAGE_STANDARD = gnu99;
				GCC_DYNAMIC_NO_PIC = NO;
				GCC_NO_COMMON_BLOCKS = YES;
				GCC_OPTIMIZATION_LEVEL = 0;
				GCC_PREPROCESSOR_DEFINITIONS = (
					"DEBUG=1",
					"$(inherited)",
				);
				GCC_WARN_64_TO_32_BIT_CONVERSION = YES;
				GCC_WARN_ABOUT_RETURN_TYPE = YES_ERROR;
				GCC_WARN_UNDECLARED_SELECTOR = YES;
				GCC_WARN_UNINITIALIZED_AUTOS = YES_AGGRESSIVE;
				GCC_WARN_UNUSED_FUNCTION = YES;
				GCC_WARN_UNUSED_VARIABLE = YES;
				IPHONEOS_DEPLOYMENT_TARGET = 10.0;
				MTL_ENABLE_DEBUG_INFO = YES;
				ONLY_ACTIVE_ARCH = YES;
				SDKROOT = iphoneos;
				SWIFT_ACTIVE_COMPILATION_CONDITIONS = DEBUG;
				SWIFT_OPTIMIZATION_LEVEL = "-Onone";
				TARGETED_DEVICE_FAMILY = "1,2";
			};
			name = Debug;
		};
		D58635CC1E1580F80039DE05 /* Release */ = {
			isa = XCBuildConfiguration;
			buildSettings = {
				ALWAYS_SEARCH_USER_PATHS = NO;
				CLANG_ANALYZER_NONNULL = YES;
				CLANG_CXX_LANGUAGE_STANDARD = "gnu++0x";
				CLANG_CXX_LIBRARY = "libc++";
				CLANG_ENABLE_MODULES = YES;
				CLANG_ENABLE_OBJC_ARC = YES;
				CLANG_WARN_BOOL_CONVERSION = YES;
				CLANG_WARN_CONSTANT_CONVERSION = YES;
				CLANG_WARN_DIRECT_OBJC_ISA_USAGE = YES_ERROR;
				CLANG_WARN_DOCUMENTATION_COMMENTS = YES;
				CLANG_WARN_EMPTY_BODY = YES;
				CLANG_WARN_ENUM_CONVERSION = YES;
				CLANG_WARN_INFINITE_RECURSION = YES;
				CLANG_WARN_INT_CONVERSION = YES;
				CLANG_WARN_OBJC_ROOT_CLASS = YES_ERROR;
				CLANG_WARN_SUSPICIOUS_MOVE = YES;
				CLANG_WARN_SUSPICIOUS_MOVES = YES;
				CLANG_WARN_UNREACHABLE_CODE = YES;
				CLANG_WARN__DUPLICATE_METHOD_MATCH = YES;
				"CODE_SIGN_IDENTITY[sdk=iphoneos*]" = "iPhone Developer";
				COPY_PHASE_STRIP = NO;
				DEBUG_INFORMATION_FORMAT = "dwarf-with-dsym";
				ENABLE_NS_ASSERTIONS = NO;
				ENABLE_STRICT_OBJC_MSGSEND = YES;
				GCC_C_LANGUAGE_STANDARD = gnu99;
				GCC_NO_COMMON_BLOCKS = YES;
				GCC_WARN_64_TO_32_BIT_CONVERSION = YES;
				GCC_WARN_ABOUT_RETURN_TYPE = YES_ERROR;
				GCC_WARN_UNDECLARED_SELECTOR = YES;
				GCC_WARN_UNINITIALIZED_AUTOS = YES_AGGRESSIVE;
				GCC_WARN_UNUSED_FUNCTION = YES;
				GCC_WARN_UNUSED_VARIABLE = YES;
				IPHONEOS_DEPLOYMENT_TARGET = 10.0;
				MTL_ENABLE_DEBUG_INFO = NO;
				SDKROOT = iphoneos;
				SWIFT_OPTIMIZATION_LEVEL = "-Owholemodule";
				TARGETED_DEVICE_FAMILY = "1,2";
				VALIDATE_PRODUCT = YES;
			};
			name = Release;
		};
		D58635CE1E1580F80039DE05 /* Debug */ = {
			isa = XCBuildConfiguration;
			buildSettings = {
				ASSETCATALOG_COMPILER_APPICON_NAME = AppIcon;
				DEVELOPMENT_TEAM = 7HAUD8EZY3;
				INFOPLIST_FILE = FaceView/Info.plist;
				LD_RUNPATH_SEARCH_PATHS = "$(inherited) @executable_path/Frameworks";
				PRODUCT_BUNDLE_IDENTIFIER = com.yuso.FaceView;
				PRODUCT_NAME = "$(TARGET_NAME)";
				SWIFT_VERSION = 3.0;
			};
			name = Debug;
		};
		D58635CF1E1580F80039DE05 /* Release */ = {
			isa = XCBuildConfiguration;
			buildSettings = {
				ASSETCATALOG_COMPILER_APPICON_NAME = AppIcon;
				DEVELOPMENT_TEAM = 7HAUD8EZY3;
				INFOPLIST_FILE = FaceView/Info.plist;
				LD_RUNPATH_SEARCH_PATHS = "$(inherited) @executable_path/Frameworks";
				PRODUCT_BUNDLE_IDENTIFIER = com.yuso.FaceView;
				PRODUCT_NAME = "$(TARGET_NAME)";
				SWIFT_VERSION = 3.0;
			};
			name = Release;
		};
/* End XCBuildConfiguration section */

/* Begin XCConfigurationList section */
		D58635B61E1580F80039DE05 /* Build configuration list for PBXProject "FaceView" */ = {
			isa = XCConfigurationList;
			buildConfigurations = (
				D58635CB1E1580F80039DE05 /* Debug */,
				D58635CC1E1580F80039DE05 /* Release */,
			);
			defaultConfigurationIsVisible = 0;
			defaultConfigurationName = Release;
		};
		D58635CD1E1580F80039DE05 /* Build configuration list for PBXNativeTarget "FaceView" */ = {
			isa = XCConfigurationList;
			buildConfigurations = (
				D58635CE1E1580F80039DE05 /* Debug */,
				D58635CF1E1580F80039DE05 /* Release */,
			);
			defaultConfigurationIsVisible = 0;
			defaultConfigurationName = Release;
		};
/* End XCConfigurationList section */
	};
	rootObject = D58635B31E1580F80039DE05 /* Project object */;
}
